{
  "name": "AI_Stealth_Extension_assignment",
  "lockfileVersion": 3,
  "requires": true,
  "packages": {
    "": {
      "devDependencies": {
        "@types/chrome": "^0.1.31"
      }
    },
    "node_modules/@types/chrome": {
      "version": "0.1.31",
      "resolved": "https://registry.npmjs.org/@types/chrome/-/chrome-0.1.31.tgz",
      "integrity": "sha512-8fC9t02LRdqlSQ9bktaiLjP0NKujPNPaCKPfXxfIjZ35A9u831XY0pt0UEf2oup2SjcUEAaIYOB8mzJ51jhjmA==",
      "dev": true,
      "license": "MIT",
      "dependencies": {
        "@types/filesystem": "*",
        "@types/har-format": "*"
      }
    },
    "node_modules/@types/filesystem": {
      "dev": true
    },
    "node_modules/@types/har-format": {
      "dev": true
    }
  }
}
